// !$*UTF8*$!
{
	archiveVersion = 1;
	classes = {
	};
	objectVersion = 56;
	objects = {

/* Begin PBXBuildFile section */
		18E2F9732A0F39AE000435C6 /* utils.swift in Sources */ = {isa = PBXBuildFile; fileRef = 18E2F9722A0F39AE000435C6 /* utils.swift */; };
		2821EBB02A09E9550031C91C /* CreateAndEditCardView.swift in Sources */ = {isa = PBXBuildFile; fileRef = 2821EBAF2A09E9550031C91C /* CreateAndEditCardView.swift */; };
		289D33EF2A062D7F002ADAF7 /* SubSaverApp.swift in Sources */ = {isa = PBXBuildFile; fileRef = 289D33EE2A062D7F002ADAF7 /* SubSaverApp.swift */; };
		289D33F12A062D7F002ADAF7 /* ContentView.swift in Sources */ = {isa = PBXBuildFile; fileRef = 289D33F02A062D7F002ADAF7 /* ContentView.swift */; };
		289D33F32A062D80002ADAF7 /* Assets.xcassets in Resources */ = {isa = PBXBuildFile; fileRef = 289D33F22A062D80002ADAF7 /* Assets.xcassets */; };
		289D33F62A062D80002ADAF7 /* Preview Assets.xcassets in Resources */ = {isa = PBXBuildFile; fileRef = 289D33F52A062D80002ADAF7 /* Preview Assets.xcassets */; };
		28EA014B2A0CB0B50052DDE5 /* SubModel.xcdatamodeld in Sources */ = {isa = PBXBuildFile; fileRef = 28EA01492A0CB0B50052DDE5 /* SubModel.xcdatamodeld */; };
		28EA014D2A0CB6060052DDE5 /* CoreDataController.swift in Sources */ = {isa = PBXBuildFile; fileRef = 28EA014C2A0CB6060052DDE5 /* CoreDataController.swift */; };
		28EA01502A0CCB230052DDE5 /* SubscriptionItem.swift in Sources */ = {isa = PBXBuildFile; fileRef = 28EA014F2A0CCB230052DDE5 /* SubscriptionItem.swift */; };
		FDD3664C2A06701500BFA777 /* CardView.swift in Sources */ = {isa = PBXBuildFile; fileRef = FDD3664B2A06701500BFA777 /* CardView.swift */; };
		FDD3664E2A0670D200BFA777 /* LocalMemory.swift in Sources */ = {isa = PBXBuildFile; fileRef = FDD3664D2A0670D200BFA777 /* LocalMemory.swift */; };
		FDD366502A06714200BFA777 /* LocalNotifications.swift in Sources */ = {isa = PBXBuildFile; fileRef = FDD3664F2A06714200BFA777 /* LocalNotifications.swift */; };
/* End PBXBuildFile section */

/* Begin PBXFileReference section */
		18E2F9722A0F39AE000435C6 /* utils.swift */ = {isa = PBXFileReference; lastKnownFileType = sourcecode.swift; path = utils.swift; sourceTree = "<group>"; };
		2821EBAF2A09E9550031C91C /* CreateAndEditCardView.swift */ = {isa = PBXFileReference; lastKnownFileType = sourcecode.swift; path = CreateAndEditCardView.swift; sourceTree = "<group>"; };
		289D33EB2A062D7F002ADAF7 /* SubSaver.app */ = {isa = PBXFileReference; explicitFileType = wrapper.application; includeInIndex = 0; path = SubSaver.app; sourceTree = BUILT_PRODUCTS_DIR; };
		289D33EE2A062D7F002ADAF7 /* SubSaverApp.swift */ = {isa = PBXFileReference; lastKnownFileType = sourcecode.swift; path = SubSaverApp.swift; sourceTree = "<group>"; };
		289D33F02A062D7F002ADAF7 /* ContentView.swift */ = {isa = PBXFileReference; lastKnownFileType = sourcecode.swift; path = ContentView.swift; sourceTree = "<group>"; };
		289D33F22A062D80002ADAF7 /* Assets.xcassets */ = {isa = PBXFileReference; lastKnownFileType = folder.assetcatalog; path = Assets.xcassets; sourceTree = "<group>"; };
		289D33F52A062D80002ADAF7 /* Preview Assets.xcassets */ = {isa = PBXFileReference; lastKnownFileType = folder.assetcatalog; path = "Preview Assets.xcassets"; sourceTree = "<group>"; };
		28EA014A2A0CB0B50052DDE5 /* SubModel.xcdatamodel */ = {isa = PBXFileReference; lastKnownFileType = wrapper.xcdatamodel; path = SubModel.xcdatamodel; sourceTree = "<group>"; };
		28EA014C2A0CB6060052DDE5 /* CoreDataController.swift */ = {isa = PBXFileReference; lastKnownFileType = sourcecode.swift; path = CoreDataController.swift; sourceTree = "<group>"; };
		28EA014F2A0CCB230052DDE5 /* SubscriptionItem.swift */ = {isa = PBXFileReference; lastKnownFileType = sourcecode.swift; path = SubscriptionItem.swift; sourceTree = "<group>"; };
		FDD3664B2A06701500BFA777 /* CardView.swift */ = {isa = PBXFileReference; lastKnownFileType = sourcecode.swift; path = CardView.swift; sourceTree = "<group>"; };
		FDD3664D2A0670D200BFA777 /* LocalMemory.swift */ = {isa = PBXFileReference; lastKnownFileType = sourcecode.swift; path = LocalMemory.swift; sourceTree = "<group>"; };
		FDD3664F2A06714200BFA777 /* LocalNotifications.swift */ = {isa = PBXFileReference; lastKnownFileType = sourcecode.swift; path = LocalNotifications.swift; sourceTree = "<group>"; };
/* End PBXFileReference section */

/* Begin PBXFrameworksBuildPhase section */
		289D33E82A062D7F002ADAF7 /* Frameworks */ = {
			isa = PBXFrameworksBuildPhase;
			buildActionMask = 2147483647;
			files = (
			);
			runOnlyForDeploymentPostprocessing = 0;
		};
/* End PBXFrameworksBuildPhase section */

/* Begin PBXGroup section */
		289D33E22A062D7F002ADAF7 = {
			isa = PBXGroup;
			children = (
				289D33ED2A062D7F002ADAF7 /* SubSaver */,
				289D33EC2A062D7F002ADAF7 /* Products */,
			);
			sourceTree = "<group>";
		};
		289D33EC2A062D7F002ADAF7 /* Products */ = {
			isa = PBXGroup;
			children = (
				289D33EB2A062D7F002ADAF7 /* SubSaver.app */,
			);
			name = Products;
			sourceTree = "<group>";
		};
		289D33ED2A062D7F002ADAF7 /* SubSaver */ = {
			isa = PBXGroup;
			children = (
				28EA014E2A0CCB070052DDE5 /* Models */,
				FDD3664F2A06714200BFA777 /* LocalNotifications.swift */,
				FDD3664D2A0670D200BFA777 /* LocalMemory.swift */,
				289D33EE2A062D7F002ADAF7 /* SubSaverApp.swift */,
				18E2F9722A0F39AE000435C6 /* utils.swift */,
				FDD3664B2A06701500BFA777 /* CardView.swift */,
				289D33F02A062D7F002ADAF7 /* ContentView.swift */,
				2821EBAF2A09E9550031C91C /* CreateAndEditCardView.swift */,
				289D33F22A062D80002ADAF7 /* Assets.xcassets */,
				289D33F42A062D80002ADAF7 /* Preview Content */,
				28EA01492A0CB0B50052DDE5 /* SubModel.xcdatamodeld */,
				28EA014C2A0CB6060052DDE5 /* CoreDataController.swift */,
			);
			path = SubSaver;
			sourceTree = "<group>";
		};
		289D33F42A062D80002ADAF7 /* Preview Content */ = {
			isa = PBXGroup;
			children = (
				289D33F52A062D80002ADAF7 /* Preview Assets.xcassets */,
			);
			path = "Preview Content";
			sourceTree = "<group>";
		};
		28EA014E2A0CCB070052DDE5 /* Models */ = {
			isa = PBXGroup;
			children = (
				28EA014F2A0CCB230052DDE5 /* SubscriptionItem.swift */,
			);
			path = Models;
			sourceTree = "<group>";
		};
/* End PBXGroup section */

/* Begin PBXNativeTarget section */
		289D33EA2A062D7F002ADAF7 /* SubSaver */ = {
			isa = PBXNativeTarget;
			buildConfigurationList = 289D33F92A062D80002ADAF7 /* Build configuration list for PBXNativeTarget "SubSaver" */;
			buildPhases = (
				289D33E72A062D7F002ADAF7 /* Sources */,
				289D33E82A062D7F002ADAF7 /* Frameworks */,
				289D33E92A062D7F002ADAF7 /* Resources */,
			);
			buildRules = (
			);
			dependencies = (
			);
			name = SubSaver;
			productName = SubSaver;
			productReference = 289D33EB2A062D7F002ADAF7 /* SubSaver.app */;
			productType = "com.apple.product-type.application";
		};
/* End PBXNativeTarget section */

/* Begin PBXProject section */
		289D33E32A062D7F002ADAF7 /* Project object */ = {
			isa = PBXProject;
			attributes = {
				BuildIndependentTargetsInParallel = 1;
				LastSwiftUpdateCheck = 1420;
				LastUpgradeCheck = 1420;
				TargetAttributes = {
					289D33EA2A062D7F002ADAF7 = {
						CreatedOnToolsVersion = 14.2;
					};
				};
			};
			buildConfigurationList = 289D33E62A062D7F002ADAF7 /* Build configuration list for PBXProject "SubSaver" */;
			compatibilityVersion = "Xcode 14.0";
			developmentRegion = en;
			hasScannedForEncodings = 0;
			knownRegions = (
				en,
				Base,
			);
			mainGroup = 289D33E22A062D7F002ADAF7;
			productRefGroup = 289D33EC2A062D7F002ADAF7 /* Products */;
			projectDirPath = "";
			projectRoot = "";
			targets = (
				289D33EA2A062D7F002ADAF7 /* SubSaver */,
			);
		};
/* End PBXProject section */

/* Begin PBXResourcesBuildPhase section */
		289D33E92A062D7F002ADAF7 /* Resources */ = {
			isa = PBXResourcesBuildPhase;
			buildActionMask = 2147483647;
			files = (
				289D33F62A062D80002ADAF7 /* Preview Assets.xcassets in Resources */,
				289D33F32A062D80002ADAF7 /* Assets.xcassets in Resources */,
			);
			runOnlyForDeploymentPostprocessing = 0;
		};
/* End PBXResourcesBuildPhase section */

/* Begin PBXSourcesBuildPhase section */
		289D33E72A062D7F002ADAF7 /* Sources */ = {
			isa = PBXSourcesBuildPhase;
			buildActionMask = 2147483647;
			files = (
				2821EBB02A09E9550031C91C /* CreateAndEditCardView.swift in Sources */,
				FDD3664E2A0670D200BFA777 /* LocalMemory.swift in Sources */,
				28EA014D2A0CB6060052DDE5 /* CoreDataController.swift in Sources */,
				289D33F12A062D7F002ADAF7 /* ContentView.swift in Sources */,
				28EA014B2A0CB0B50052DDE5 /* SubModel.xcdatamodeld in Sources */,
				18E2F9732A0F39AE000435C6 /* utils.swift in Sources */,
				FDD3664C2A06701500BFA777 /* CardView.swift in Sources */,
				FDD366502A06714200BFA777 /* LocalNotifications.swift in Sources */,
				28EA01502A0CCB230052DDE5 /* SubscriptionItem.swift in Sources */,
				289D33EF2A062D7F002ADAF7 /* SubSaverApp.swift in Sources */,
			);
			runOnlyForDeploymentPostprocessing = 0;
		};
/* End PBXSourcesBuildPhase section */

/* Begin XCBuildConfiguration section */
		289D33F72A062D80002ADAF7 /* Debug */ = {
			isa = XCBuildConfiguration;
			buildSettings = {
				ALWAYS_SEARCH_USER_PATHS = NO;
				CLANG_ANALYZER_NONNULL = YES;
				CLANG_ANALYZER_NUMBER_OBJECT_CONVERSION = YES_AGGRESSIVE;
				CLANG_CXX_LANGUAGE_STANDARD = "gnu++20";
				CLANG_ENABLE_MODULES = YES;
				CLANG_ENABLE_OBJC_ARC = YES;
				CLANG_ENABLE_OBJC_WEAK = YES;
				CLANG_WARN_BLOCK_CAPTURE_AUTORELEASING = YES;
				CLANG_WARN_BOOL_CONVERSION = YES;
				CLANG_WARN_COMMA = YES;
				CLANG_WARN_CONSTANT_CONVERSION = YES;
				CLANG_WARN_DEPRECATED_OBJC_IMPLEMENTATIONS = YES;
				CLANG_WARN_DIRECT_OBJC_ISA_USAGE = YES_ERROR;
				CLANG_WARN_DOCUMENTATION_COMMENTS = YES;
				CLANG_WARN_EMPTY_BODY = YES;
				CLANG_WARN_ENUM_CONVERSION = YES;
				CLANG_WARN_INFINITE_RECURSION = YES;
				CLANG_WARN_INT_CONVERSION = YES;
				CLANG_WARN_NON_LITERAL_NULL_CONVERSION = YES;
				CLANG_WARN_OBJC_IMPLICIT_RETAIN_SELF = YES;
				CLANG_WARN_OBJC_LITERAL_CONVERSION = YES;
				CLANG_WARN_OBJC_ROOT_CLASS = YES_ERROR;
				CLANG_WARN_QUOTED_INCLUDE_IN_FRAMEWORK_HEADER = YES;
				CLANG_WARN_RANGE_LOOP_ANALYSIS = YES;
				CLANG_WARN_STRICT_PROTOTYPES = YES;
				CLANG_WARN_SUSPICIOUS_MOVE = YES;
				CLANG_WARN_UNGUARDED_AVAILABILITY = YES_AGGRESSIVE;
				CLANG_WARN_UNREACHABLE_CODE = YES;
				CLANG_WARN__DUPLICATE_METHOD_MATCH = YES;
				COPY_PHASE_STRIP = NO;
				DEBUG_INFORMATION_FORMAT = dwarf;
				ENABLE_STRICT_OBJC_MSGSEND = YES;
				ENABLE_TESTABILITY = YES;
				GCC_C_LANGUAGE_STANDARD = gnu11;
				GCC_DYNAMIC_NO_PIC = NO;
				GCC_NO_COMMON_BLOCKS = YES;
				GCC_OPTIMIZATION_LEVEL = 0;
				GCC_PREPROCESSOR_DEFINITIONS = (
					"DEBUG=1",
					"$(inherited)",
				);
				GCC_WARN_64_TO_32_BIT_CONVERSION = YES;
				GCC_WARN_ABOUT_RETURN_TYPE = YES_ERROR;
				GCC_WARN_UNDECLARED_SELECTOR = YES;
				GCC_WARN_UNINITIALIZED_AUTOS = YES_AGGRESSIVE;
				GCC_WARN_UNUSED_FUNCTION = YES;
				GCC_WARN_UNUSED_VARIABLE = YES;
				IPHONEOS_DEPLOYMENT_TARGET = 16.2;
				MTL_ENABLE_DEBUG_INFO = INCLUDE_SOURCE;
				MTL_FAST_MATH = YES;
				ONLY_ACTIVE_ARCH = YES;
				SDKROOT = iphoneos;
				SWIFT_ACTIVE_COMPILATION_CONDITIONS = DEBUG;
				SWIFT_OPTIMIZATION_LEVEL = "-Onone";
			};
			name = Debug;
		};
		289D33F82A062D80002ADAF7 /* Release */ = {
			isa = XCBuildConfiguration;
			buildSettings = {
				ALWAYS_SEARCH_USER_PATHS = NO;
				CLANG_ANALYZER_NONNULL = YES;
				CLANG_ANALYZER_NUMBER_OBJECT_CONVERSION = YES_AGGRESSIVE;
				CLANG_CXX_LANGUAGE_STANDARD = "gnu++20";
				CLANG_ENABLE_MODULES = YES;
				CLANG_ENABLE_OBJC_ARC = YES;
				CLANG_ENABLE_OBJC_WEAK = YES;
				CLANG_WARN_BLOCK_CAPTURE_AUTORELEASING = YES;
				CLANG_WARN_BOOL_CONVERSION = YES;
				CLANG_WARN_COMMA = YES;
				CLANG_WARN_CONSTANT_CONVERSION = YES;
				CLANG_WARN_DEPRECATED_OBJC_IMPLEMENTATIONS = YES;
				CLANG_WARN_DIRECT_OBJC_ISA_USAGE = YES_ERROR;
				CLANG_WARN_DOCUMENTATION_COMMENTS = YES;
				CLANG_WARN_EMPTY_BODY = YES;
				CLANG_WARN_ENUM_CONVERSION = YES;
				CLANG_WARN_INFINITE_RECURSION = YES;
				CLANG_WARN_INT_CONVERSION = YES;
				CLANG_WARN_NON_LITERAL_NULL_CONVERSION = YES;
				CLANG_WARN_OBJC_IMPLICIT_RETAIN_SELF = YES;
				CLANG_WARN_OBJC_LITERAL_CONVERSION = YES;
				CLANG_WARN_OBJC_ROOT_CLASS = YES_ERROR;
				CLANG_WARN_QUOTED_INCLUDE_IN_FRAMEWORK_HEADER = YES;
				CLANG_WARN_RANGE_LOOP_ANALYSIS = YES;
				CLANG_WARN_STRICT_PROTOTYPES = YES;
				CLANG_WARN_SUSPICIOUS_MOVE = YES;
				CLANG_WARN_UNGUARDED_AVAILABILITY = YES_AGGRESSIVE;
				CLANG_WARN_UNREACHABLE_CODE = YES;
				CLANG_WARN__DUPLICATE_METHOD_MATCH = YES;
				COPY_PHASE_STRIP = NO;
				DEBUG_INFORMATION_FORMAT = "dwarf-with-dsym";
				ENABLE_NS_ASSERTIONS = NO;
				ENABLE_STRICT_OBJC_MSGSEND = YES;
				GCC_C_LANGUAGE_STANDARD = gnu11;
				GCC_NO_COMMON_BLOCKS = YES;
				GCC_WARN_64_TO_32_BIT_CONVERSION = YES;
				GCC_WARN_ABOUT_RETURN_TYPE = YES_ERROR;
				GCC_WARN_UNDECLARED_SELECTOR = YES;
				GCC_WARN_UNINITIALIZED_AUTOS = YES_AGGRESSIVE;
				GCC_WARN_UNUSED_FUNCTION = YES;
				GCC_WARN_UNUSED_VARIABLE = YES;
				IPHONEOS_DEPLOYMENT_TARGET = 16.2;
				MTL_ENABLE_DEBUG_INFO = NO;
				MTL_FAST_MATH = YES;
				SDKROOT = iphoneos;
				SWIFT_COMPILATION_MODE = wholemodule;
				SWIFT_OPTIMIZATION_LEVEL = "-O";
				VALIDATE_PRODUCT = YES;
			};
			name = Release;
		};
		289D33FA2A062D80002ADAF7 /* Debug */ = {
			isa = XCBuildConfiguration;
			buildSettings = {
				ASSETCATALOG_COMPILER_APPICON_NAME = AppIcon;
				ASSETCATALOG_COMPILER_GLOBAL_ACCENT_COLOR_NAME = AccentColor;
				CODE_SIGN_STYLE = Automatic;
				CURRENT_PROJECT_VERSION = 1;
				DEVELOPMENT_ASSET_PATHS = "\"SubSaver/Preview Content\"";
				DEVELOPMENT_TEAM = H52Z49J89C;
				ENABLE_PREVIEWS = YES;
				GENERATE_INFOPLIST_FILE = YES;
				INFOPLIST_KEY_UIApplicationSceneManifest_Generation = YES;
				INFOPLIST_KEY_UIApplicationSupportsIndirectInputEvents = YES;
				INFOPLIST_KEY_UILaunchScreen_Generation = YES;
				INFOPLIST_KEY_UISupportedInterfaceOrientations_iPad = "UIInterfaceOrientationPortrait UIInterfaceOrientationPortraitUpsideDown UIInterfaceOrientationLandscapeLeft UIInterfaceOrientationLandscapeRight";
				INFOPLIST_KEY_UISupportedInterfaceOrientations_iPhone = "UIInterfaceOrientationPortrait UIInterfaceOrientationLandscapeLeft UIInterfaceOrientationLandscapeRight";
				LD_RUNPATH_SEARCH_PATHS = (
					"$(inherited)",
					"@executable_path/Frameworks",
				);
				MARKETING_VERSION = 1.0;
				PRODUCT_BUNDLE_IDENTIFIER = au.com.Aieyan.SubSaver;
				PRODUCT_NAME = "$(TARGET_NAME)";
				SWIFT_EMIT_LOC_STRINGS = YES;
				SWIFT_VERSION = 5.0;
				TARGETED_DEVICE_FAMILY = "1,2";
			};
			name = Debug;
		};
		289D33FB2A062D80002ADAF7 /* Release */ = {
			isa = XCBuildConfiguration;
			buildSettings = {
				ASSETCATALOG_COMPILER_APPICON_NAME = AppIcon;
				ASSETCATALOG_COMPILER_GLOBAL_ACCENT_COLOR_NAME = AccentColor;
				CODE_SIGN_STYLE = Automatic;
				CURRENT_PROJECT_VERSION = 1;
				DEVELOPMENT_ASSET_PATHS = "\"SubSaver/Preview Content\"";
				DEVELOPMENT_TEAM = H52Z49J89C;
				ENABLE_PREVIEWS = YES;
				GENERATE_INFOPLIST_FILE = YES;
				INFOPLIST_KEY_UIApplicationSceneManifest_Generation = YES;
				INFOPLIST_KEY_UIApplicationSupportsIndirectInputEvents = YES;
				INFOPLIST_KEY_UILaunchScreen_Generation = YES;
				INFOPLIST_KEY_UISupportedInterfaceOrientations_iPad = "UIInterfaceOrientationPortrait UIInterfaceOrientationPortraitUpsideDown UIInterfaceOrientationLandscapeLeft UIInterfaceOrientationLandscapeRight";
				INFOPLIST_KEY_UISupportedInterfaceOrientations_iPhone = "UIInterfaceOrientationPortrait UIInterfaceOrientationLandscapeLeft UIInterfaceOrientationLandscapeRight";
				LD_RUNPATH_SEARCH_PATHS = (
					"$(inherited)",
					"@executable_path/Frameworks",
				);
				MARKETING_VERSION = 1.0;
				PRODUCT_BUNDLE_IDENTIFIER = au.com.Aieyan.SubSaver;
				PRODUCT_NAME = "$(TARGET_NAME)";
				SWIFT_EMIT_LOC_STRINGS = YES;
				SWIFT_VERSION = 5.0;
				TARGETED_DEVICE_FAMILY = "1,2";
			};
			name = Release;
		};
/* End XCBuildConfiguration section */

/* Begin XCConfigurationList section */
		289D33E62A062D7F002ADAF7 /* Build configuration list for PBXProject "SubSaver" */ = {
			isa = XCConfigurationList;
			buildConfigurations = (
				289D33F72A062D80002ADAF7 /* Debug */,
				289D33F82A062D80002ADAF7 /* Release */,
			);
			defaultConfigurationIsVisible = 0;
			defaultConfigurationName = Release;
		};
		289D33F92A062D80002ADAF7 /* Build configuration list for PBXNativeTarget "SubSaver" */ = {
			isa = XCConfigurationList;
			buildConfigurations = (
				289D33FA2A062D80002ADAF7 /* Debug */,
				289D33FB2A062D80002ADAF7 /* Release */,
			);
			defaultConfigurationIsVisible = 0;
			defaultConfigurationName = Release;
		};
/* End XCConfigurationList section */

/* Begin XCVersionGroup section */
		28EA01492A0CB0B50052DDE5 /* SubModel.xcdatamodeld */ = {
			isa = XCVersionGroup;
			children = (
				28EA014A2A0CB0B50052DDE5 /* SubModel.xcdatamodel */,
			);
			currentVersion = 28EA014A2A0CB0B50052DDE5 /* SubModel.xcdatamodel */;
			path = SubModel.xcdatamodeld;
			sourceTree = "<group>";
			versionGroupType = wrapper.xcdatamodel;
		};
/* End XCVersionGroup section */
	};
	rootObject = 289D33E32A062D7F002ADAF7 /* Project object */;
}
